// !$*UTF8*$!
{
	archiveVersion = 1;
	classes = {
	};
	objectVersion = 55;
	objects = {

/* Begin PBXBuildFile section */
		69C3674F27A3B04E0005AE05 /* AppDelegate.swift in Sources */ = {isa = PBXBuildFile; fileRef = 69C3674E27A3B04E0005AE05 /* AppDelegate.swift */; };
		69C3675127A3B04E0005AE05 /* SceneDelegate.swift in Sources */ = {isa = PBXBuildFile; fileRef = 69C3675027A3B04E0005AE05 /* SceneDelegate.swift */; };
		69C3675327A3B04E0005AE05 /* ViewController.swift in Sources */ = {isa = PBXBuildFile; fileRef = 69C3675227A3B04E0005AE05 /* ViewController.swift */; };
		69C3675627A3B04E0005AE05 /* Main.storyboard in Resources */ = {isa = PBXBuildFile; fileRef = 69C3675427A3B04E0005AE05 /* Main.storyboard */; };
		69C3675827A3B04F0005AE05 /* Assets.xcassets in Resources */ = {isa = PBXBuildFile; fileRef = 69C3675727A3B04F0005AE05 /* Assets.xcassets */; };
		69C3675B27A3B04F0005AE05 /* LaunchScreen.storyboard in Resources */ = {isa = PBXBuildFile; fileRef = 69C3675927A3B04F0005AE05 /* LaunchScreen.storyboard */; };
		69C3678027A3B7950005AE05 /* Profile.swift in Sources */ = {isa = PBXBuildFile; fileRef = 69C3677F27A3B7950005AE05 /* Profile.swift */; };
		69C3678127A3B7950005AE05 /* Profile.swift in Sources */ = {isa = PBXBuildFile; fileRef = 69C3677F27A3B7950005AE05 /* Profile.swift */; };
		69C3678327A3BA030005AE05 /* Badge.swift in Sources */ = {isa = PBXBuildFile; fileRef = 69C3678227A3BA030005AE05 /* Badge.swift */; };
		69C3678427A3BA030005AE05 /* Badge.swift in Sources */ = {isa = PBXBuildFile; fileRef = 69C3678227A3BA030005AE05 /* Badge.swift */; };
		69C3678627A3BAB70005AE05 /* Course.swift in Sources */ = {isa = PBXBuildFile; fileRef = 69C3678527A3BAB70005AE05 /* Course.swift */; };
		69C3678727A3BAB70005AE05 /* Course.swift in Sources */ = {isa = PBXBuildFile; fileRef = 69C3678527A3BAB70005AE05 /* Course.swift */; };
		69C3678A27A3BC7C0005AE05 /* ProfileController.swift in Sources */ = {isa = PBXBuildFile; fileRef = 69C3678927A3BC7C0005AE05 /* ProfileController.swift */; };
		69C3678B27A3BC7C0005AE05 /* ProfileController.swift in Sources */ = {isa = PBXBuildFile; fileRef = 69C3678927A3BC7C0005AE05 /* ProfileController.swift */; };
		69C3678F27A3C78D0005AE05 /* BadgeCell.swift in Sources */ = {isa = PBXBuildFile; fileRef = 69C3678E27A3C78D0005AE05 /* BadgeCell.swift */; };
		69C3679027A3C78D0005AE05 /* BadgeCell.swift in Sources */ = {isa = PBXBuildFile; fileRef = 69C3678E27A3C78D0005AE05 /* BadgeCell.swift */; };
		69C3679227A3C7EC0005AE05 /* BadgeCellViewModel.swift in Sources */ = {isa = PBXBuildFile; fileRef = 69C3679127A3C7EC0005AE05 /* BadgeCellViewModel.swift */; };
		69C3679327A3C7EC0005AE05 /* BadgeCellViewModel.swift in Sources */ = {isa = PBXBuildFile; fileRef = 69C3679127A3C7EC0005AE05 /* BadgeCellViewModel.swift */; };
		69C3679627A4C9E90005AE05 /* BadgeCellViewModelTests.swift in Sources */ = {isa = PBXBuildFile; fileRef = 69C3679527A4C9E90005AE05 /* BadgeCellViewModelTests.swift */; };
		69C3679B27A4ECBC0005AE05 /* ProfileControllerTests.swift in Sources */ = {isa = PBXBuildFile; fileRef = 69C3679A27A4ECBC0005AE05 /* ProfileControllerTests.swift */; };
		69C367A227A4FD600005AE05 /* URLProtocolMock.swift in Sources */ = {isa = PBXBuildFile; fileRef = 69C367A127A4FD600005AE05 /* URLProtocolMock.swift */; };
		69C367A327A504D70005AE05 /* response.json in Resources */ = {isa = PBXBuildFile; fileRef = 69C3679827A4EB630005AE05 /* response.json */; };
/* End PBXBuildFile section */

/* Begin PBXContainerItemProxy section */
		69C3676227A3B04F0005AE05 /* PBXContainerItemProxy */ = {
			isa = PBXContainerItemProxy;
			containerPortal = 69C3674327A3B04E0005AE05 /* Project object */;
			proxyType = 1;
			remoteGlobalIDString = 69C3674A27A3B04E0005AE05;
			remoteInfo = unite_test_example;
		};
		69C3676C27A3B04F0005AE05 /* PBXContainerItemProxy */ = {
			isa = PBXContainerItemProxy;
			containerPortal = 69C3674327A3B04E0005AE05 /* Project object */;
			proxyType = 1;
			remoteGlobalIDString = 69C3674A27A3B04E0005AE05;
			remoteInfo = unite_test_example;
		};
/* End PBXContainerItemProxy section */

/* Begin PBXFileReference section */
		69C3674B27A3B04E0005AE05 /* unite_test_example.app */ = {isa = PBXFileReference; explicitFileType = wrapper.application; includeInIndex = 0; path = unite_test_example.app; sourceTree = BUILT_PRODUCTS_DIR; };
		69C3674E27A3B04E0005AE05 /* AppDelegate.swift */ = {isa = PBXFileReference; lastKnownFileType = sourcecode.swift; path = AppDelegate.swift; sourceTree = "<group>"; };
		69C3675027A3B04E0005AE05 /* SceneDelegate.swift */ = {isa = PBXFileReference; lastKnownFileType = sourcecode.swift; path = SceneDelegate.swift; sourceTree = "<group>"; };
		69C3675227A3B04E0005AE05 /* ViewController.swift */ = {isa = PBXFileReference; lastKnownFileType = sourcecode.swift; path = ViewController.swift; sourceTree = "<group>"; };
		69C3675527A3B04E0005AE05 /* Base */ = {isa = PBXFileReference; lastKnownFileType = file.storyboard; name = Base; path = Base.lproj/Main.storyboard; sourceTree = "<group>"; };
		69C3675727A3B04F0005AE05 /* Assets.xcassets */ = {isa = PBXFileReference; lastKnownFileType = folder.assetcatalog; path = Assets.xcassets; sourceTree = "<group>"; };
		69C3675A27A3B04F0005AE05 /* Base */ = {isa = PBXFileReference; lastKnownFileType = file.storyboard; name = Base; path = Base.lproj/LaunchScreen.storyboard; sourceTree = "<group>"; };
		69C3675C27A3B04F0005AE05 /* Info.plist */ = {isa = PBXFileReference; lastKnownFileType = text.plist.xml; path = Info.plist; sourceTree = "<group>"; };
		69C3676127A3B04F0005AE05 /* unite_test_exampleTests.xctest */ = {isa = PBXFileReference; explicitFileType = wrapper.cfbundle; includeInIndex = 0; path = unite_test_exampleTests.xctest; sourceTree = BUILT_PRODUCTS_DIR; };
		69C3676B27A3B04F0005AE05 /* unite_test_exampleUITests.xctest */ = {isa = PBXFileReference; explicitFileType = wrapper.cfbundle; includeInIndex = 0; path = unite_test_exampleUITests.xctest; sourceTree = BUILT_PRODUCTS_DIR; };
		69C3677F27A3B7950005AE05 /* Profile.swift */ = {isa = PBXFileReference; lastKnownFileType = sourcecode.swift; path = Profile.swift; sourceTree = "<group>"; };
		69C3678227A3BA030005AE05 /* Badge.swift */ = {isa = PBXFileReference; lastKnownFileType = sourcecode.swift; path = Badge.swift; sourceTree = "<group>"; };
		69C3678527A3BAB70005AE05 /* Course.swift */ = {isa = PBXFileReference; lastKnownFileType = sourcecode.swift; path = Course.swift; sourceTree = "<group>"; };
		69C3678927A3BC7C0005AE05 /* ProfileController.swift */ = {isa = PBXFileReference; lastKnownFileType = sourcecode.swift; path = ProfileController.swift; sourceTree = "<group>"; };
		69C3678E27A3C78D0005AE05 /* BadgeCell.swift */ = {isa = PBXFileReference; lastKnownFileType = sourcecode.swift; path = BadgeCell.swift; sourceTree = "<group>"; };
		69C3679127A3C7EC0005AE05 /* BadgeCellViewModel.swift */ = {isa = PBXFileReference; lastKnownFileType = sourcecode.swift; path = BadgeCellViewModel.swift; sourceTree = "<group>"; };
		69C3679527A4C9E90005AE05 /* BadgeCellViewModelTests.swift */ = {isa = PBXFileReference; lastKnownFileType = sourcecode.swift; path = BadgeCellViewModelTests.swift; sourceTree = "<group>"; };
		69C3679827A4EB630005AE05 /* response.json */ = {isa = PBXFileReference; lastKnownFileType = text.json; path = response.json; sourceTree = "<group>"; };
		69C3679A27A4ECBC0005AE05 /* ProfileControllerTests.swift */ = {isa = PBXFileReference; lastKnownFileType = sourcecode.swift; path = ProfileControllerTests.swift; sourceTree = "<group>"; };
		69C367A127A4FD600005AE05 /* URLProtocolMock.swift */ = {isa = PBXFileReference; lastKnownFileType = sourcecode.swift; path = URLProtocolMock.swift; sourceTree = "<group>"; };
/* End PBXFileReference section */

/* Begin PBXFrameworksBuildPhase section */
		69C3674827A3B04E0005AE05 /* Frameworks */ = {
			isa = PBXFrameworksBuildPhase;
			buildActionMask = 2147483647;
			files = (
			);
			runOnlyForDeploymentPostprocessing = 0;
		};
		69C3675E27A3B04F0005AE05 /* Frameworks */ = {
			isa = PBXFrameworksBuildPhase;
			buildActionMask = 2147483647;
			files = (
			);
			runOnlyForDeploymentPostprocessing = 0;
		};
		69C3676827A3B04F0005AE05 /* Frameworks */ = {
			isa = PBXFrameworksBuildPhase;
			buildActionMask = 2147483647;
			files = (
			);
			runOnlyForDeploymentPostprocessing = 0;
		};
/* End PBXFrameworksBuildPhase section */

/* Begin PBXGroup section */
		69C3674227A3B04E0005AE05 = {
			isa = PBXGroup;
			children = (
				69C3674D27A3B04E0005AE05 /* unite_test_example */,
				69C3676427A3B04F0005AE05 /* unite_test_exampleTests */,
				69C3674C27A3B04E0005AE05 /* Products */,
			);
			sourceTree = "<group>";
		};
		69C3674C27A3B04E0005AE05 /* Products */ = {
			isa = PBXGroup;
			children = (
				69C3674B27A3B04E0005AE05 /* unite_test_example.app */,
				69C3676127A3B04F0005AE05 /* unite_test_exampleTests.xctest */,
				69C3676B27A3B04F0005AE05 /* unite_test_exampleUITests.xctest */,
			);
			name = Products;
			sourceTree = "<group>";
		};
		69C3674D27A3B04E0005AE05 /* unite_test_example */ = {
			isa = PBXGroup;
			children = (
				69C3678D27A3C76E0005AE05 /* Views */,
				69C3678C27A3C75E0005AE05 /* ViewModels */,
				69C3678827A3BC660005AE05 /* Controllers */,
				69C3677E27A3B7690005AE05 /* Models */,
				69C3674E27A3B04E0005AE05 /* AppDelegate.swift */,
				69C3675027A3B04E0005AE05 /* SceneDelegate.swift */,
				69C3675227A3B04E0005AE05 /* ViewController.swift */,
				69C3675427A3B04E0005AE05 /* Main.storyboard */,
				69C3675727A3B04F0005AE05 /* Assets.xcassets */,
				69C3675927A3B04F0005AE05 /* LaunchScreen.storyboard */,
				69C3675C27A3B04F0005AE05 /* Info.plist */,
			);
			path = unite_test_example;
			sourceTree = "<group>";
		};
		69C3676427A3B04F0005AE05 /* unite_test_exampleTests */ = {
			isa = PBXGroup;
			children = (
				69C3679C27A4EE1D0005AE05 /* MockClasses */,
				69C3679927A4ECAA0005AE05 /* Controllers */,
				69C3679727A4E9DB0005AE05 /* Resources */,
				69C3679427A4C9C70005AE05 /* ViewModels */,
			);
			path = unite_test_exampleTests;
			sourceTree = "<group>";
		};
		69C3677E27A3B7690005AE05 /* Models */ = {
			isa = PBXGroup;
			children = (
				69C3677F27A3B7950005AE05 /* Profile.swift */,
				69C3678227A3BA030005AE05 /* Badge.swift */,
				69C3678527A3BAB70005AE05 /* Course.swift */,
			);
			path = Models;
			sourceTree = "<group>";
		};
		69C3678827A3BC660005AE05 /* Controllers */ = {
			isa = PBXGroup;
			children = (
				69C3678927A3BC7C0005AE05 /* ProfileController.swift */,
			);
			path = Controllers;
			sourceTree = "<group>";
		};
		69C3678C27A3C75E0005AE05 /* ViewModels */ = {
			isa = PBXGroup;
			children = (
				69C3679127A3C7EC0005AE05 /* BadgeCellViewModel.swift */,
			);
			path = ViewModels;
			sourceTree = "<group>";
		};
		69C3678D27A3C76E0005AE05 /* Views */ = {
			isa = PBXGroup;
			children = (
				69C3678E27A3C78D0005AE05 /* BadgeCell.swift */,
			);
			path = Views;
			sourceTree = "<group>";
		};
		69C3679427A4C9C70005AE05 /* ViewModels */ = {
			isa = PBXGroup;
			children = (
				69C3679527A4C9E90005AE05 /* BadgeCellViewModelTests.swift */,
			);
			path = ViewModels;
			sourceTree = "<group>";
		};
		69C3679727A4E9DB0005AE05 /* Resources */ = {
			isa = PBXGroup;
			children = (
				69C3679827A4EB630005AE05 /* response.json */,
			);
			path = Resources;
			sourceTree = "<group>";
		};
		69C3679927A4ECAA0005AE05 /* Controllers */ = {
			isa = PBXGroup;
			children = (
				69C3679A27A4ECBC0005AE05 /* ProfileControllerTests.swift */,
			);
			path = Controllers;
			sourceTree = "<group>";
		};
		69C3679C27A4EE1D0005AE05 /* MockClasses */ = {
			isa = PBXGroup;
			children = (
				69C367A127A4FD600005AE05 /* URLProtocolMock.swift */,
			);
			path = MockClasses;
			sourceTree = "<group>";
		};
/* End PBXGroup section */

/* Begin PBXNativeTarget section */
		69C3674A27A3B04E0005AE05 /* unite_test_example */ = {
			isa = PBXNativeTarget;
			buildConfigurationList = 69C3677527A3B04F0005AE05 /* Build configuration list for PBXNativeTarget "unite_test_example" */;
			buildPhases = (
				69C3674727A3B04E0005AE05 /* Sources */,
				69C3674827A3B04E0005AE05 /* Frameworks */,
				69C3674927A3B04E0005AE05 /* Resources */,
			);
			buildRules = (
			);
			dependencies = (
			);
			name = unite_test_example;
			productName = unite_test_example;
			productReference = 69C3674B27A3B04E0005AE05 /* unite_test_example.app */;
			productType = "com.apple.product-type.application";
		};
		69C3676027A3B04F0005AE05 /* unite_test_exampleTests */ = {
			isa = PBXNativeTarget;
			buildConfigurationList = 69C3677827A3B04F0005AE05 /* Build configuration list for PBXNativeTarget "unite_test_exampleTests" */;
			buildPhases = (
				69C3675D27A3B04F0005AE05 /* Sources */,
				69C3675E27A3B04F0005AE05 /* Frameworks */,
				69C3675F27A3B04F0005AE05 /* Resources */,
			);
			buildRules = (
			);
			dependencies = (
				69C3676327A3B04F0005AE05 /* PBXTargetDependency */,
			);
			name = unite_test_exampleTests;
			productName = unite_test_exampleTests;
			productReference = 69C3676127A3B04F0005AE05 /* unite_test_exampleTests.xctest */;
			productType = "com.apple.product-type.bundle.unit-test";
		};
		69C3676A27A3B04F0005AE05 /* unite_test_exampleUITests */ = {
			isa = PBXNativeTarget;
			buildConfigurationList = 69C3677B27A3B04F0005AE05 /* Build configuration list for PBXNativeTarget "unite_test_exampleUITests" */;
			buildPhases = (
				69C3676727A3B04F0005AE05 /* Sources */,
				69C3676827A3B04F0005AE05 /* Frameworks */,
				69C3676927A3B04F0005AE05 /* Resources */,
			);
			buildRules = (
			);
			dependencies = (
				69C3676D27A3B04F0005AE05 /* PBXTargetDependency */,
			);
			name = unite_test_exampleUITests;
			productName = unite_test_exampleUITests;
			productReference = 69C3676B27A3B04F0005AE05 /* unite_test_exampleUITests.xctest */;
			productType = "com.apple.product-type.bundle.ui-testing";
		};
/* End PBXNativeTarget section */

/* Begin PBXProject section */
		69C3674327A3B04E0005AE05 /* Project object */ = {
			isa = PBXProject;
			attributes = {
				BuildIndependentTargetsInParallel = 1;
				LastSwiftUpdateCheck = 1320;
				LastUpgradeCheck = 1320;
				TargetAttributes = {
					69C3674A27A3B04E0005AE05 = {
						CreatedOnToolsVersion = 13.2.1;
					};
					69C3676027A3B04F0005AE05 = {
						CreatedOnToolsVersion = 13.2.1;
						TestTargetID = 69C3674A27A3B04E0005AE05;
					};
					69C3676A27A3B04F0005AE05 = {
						CreatedOnToolsVersion = 13.2.1;
						TestTargetID = 69C3674A27A3B04E0005AE05;
					};
				};
			};
			buildConfigurationList = 69C3674627A3B04E0005AE05 /* Build configuration list for PBXProject "unite_test_example" */;
			compatibilityVersion = "Xcode 13.0";
			developmentRegion = en;
			hasScannedForEncodings = 0;
			knownRegions = (
				en,
				Base,
			);
			mainGroup = 69C3674227A3B04E0005AE05;
			productRefGroup = 69C3674C27A3B04E0005AE05 /* Products */;
			projectDirPath = "";
			projectRoot = "";
			targets = (
				69C3674A27A3B04E0005AE05 /* unite_test_example */,
				69C3676027A3B04F0005AE05 /* unite_test_exampleTests */,
				69C3676A27A3B04F0005AE05 /* unite_test_exampleUITests */,
			);
		};
/* End PBXProject section */

/* Begin PBXResourcesBuildPhase section */
		69C3674927A3B04E0005AE05 /* Resources */ = {
			isa = PBXResourcesBuildPhase;
			buildActionMask = 2147483647;
			files = (
				69C3675B27A3B04F0005AE05 /* LaunchScreen.storyboard in Resources */,
				69C3675827A3B04F0005AE05 /* Assets.xcassets in Resources */,
				69C3675627A3B04E0005AE05 /* Main.storyboard in Resources */,
			);
			runOnlyForDeploymentPostprocessing = 0;
		};
		69C3675F27A3B04F0005AE05 /* Resources */ = {
			isa = PBXResourcesBuildPhase;
			buildActionMask = 2147483647;
			files = (
				69C367A327A504D70005AE05 /* response.json in Resources */,
			);
			runOnlyForDeploymentPostprocessing = 0;
		};
		69C3676927A3B04F0005AE05 /* Resources */ = {
			isa = PBXResourcesBuildPhase;
			buildActionMask = 2147483647;
			files = (
			);
			runOnlyForDeploymentPostprocessing = 0;
		};
/* End PBXResourcesBuildPhase section */

/* Begin PBXSourcesBuildPhase section */
		69C3674727A3B04E0005AE05 /* Sources */ = {
			isa = PBXSourcesBuildPhase;
			buildActionMask = 2147483647;
			files = (
				69C3678A27A3BC7C0005AE05 /* ProfileController.swift in Sources */,
				69C3678627A3BAB70005AE05 /* Course.swift in Sources */,
				69C3675327A3B04E0005AE05 /* ViewController.swift in Sources */,
				69C3678327A3BA030005AE05 /* Badge.swift in Sources */,
				69C3674F27A3B04E0005AE05 /* AppDelegate.swift in Sources */,
				69C3678F27A3C78D0005AE05 /* BadgeCell.swift in Sources */,
				69C3679227A3C7EC0005AE05 /* BadgeCellViewModel.swift in Sources */,
				69C3678027A3B7950005AE05 /* Profile.swift in Sources */,
				69C3675127A3B04E0005AE05 /* SceneDelegate.swift in Sources */,
			);
			runOnlyForDeploymentPostprocessing = 0;
		};
		69C3675D27A3B04F0005AE05 /* Sources */ = {
			isa = PBXSourcesBuildPhase;
			buildActionMask = 2147483647;
			files = (
				69C3678B27A3BC7C0005AE05 /* ProfileController.swift in Sources */,
				69C3679027A3C78D0005AE05 /* BadgeCell.swift in Sources */,
				69C3678727A3BAB70005AE05 /* Course.swift in Sources */,
				69C3678127A3B7950005AE05 /* Profile.swift in Sources */,
				69C3678427A3BA030005AE05 /* Badge.swift in Sources */,
				69C3679327A3C7EC0005AE05 /* BadgeCellViewModel.swift in Sources */,
				69C367A227A4FD600005AE05 /* URLProtocolMock.swift in Sources */,
				69C3679627A4C9E90005AE05 /* BadgeCellViewModelTests.swift in Sources */,
				69C3679B27A4ECBC0005AE05 /* ProfileControllerTests.swift in Sources */,
			);
			runOnlyForDeploymentPostprocessing = 0;
		};
		69C3676727A3B04F0005AE05 /* Sources */ = {
			isa = PBXSourcesBuildPhase;
			buildActionMask = 2147483647;
			files = (
			);
			runOnlyForDeploymentPostprocessing = 0;
		};
/* End PBXSourcesBuildPhase section */

/* Begin PBXTargetDependency section */
		69C3676327A3B04F0005AE05 /* PBXTargetDependency */ = {
			isa = PBXTargetDependency;
			target = 69C3674A27A3B04E0005AE05 /* unite_test_example */;
			targetProxy = 69C3676227A3B04F0005AE05 /* PBXContainerItemProxy */;
		};
		69C3676D27A3B04F0005AE05 /* PBXTargetDependency */ = {
			isa = PBXTargetDependency;
			target = 69C3674A27A3B04E0005AE05 /* unite_test_example */;
			targetProxy = 69C3676C27A3B04F0005AE05 /* PBXContainerItemProxy */;
		};
/* End PBXTargetDependency section */

/* Begin PBXVariantGroup section */
		69C3675427A3B04E0005AE05 /* Main.storyboard */ = {
			isa = PBXVariantGroup;
			children = (
				69C3675527A3B04E0005AE05 /* Base */,
			);
			name = Main.storyboard;
			sourceTree = "<group>";
		};
		69C3675927A3B04F0005AE05 /* LaunchScreen.storyboard */ = {
			isa = PBXVariantGroup;
			children = (
				69C3675A27A3B04F0005AE05 /* Base */,
			);
			name = LaunchScreen.storyboard;
			sourceTree = "<group>";
		};
/* End PBXVariantGroup section */

/* Begin XCBuildConfiguration section */
		69C3677327A3B04F0005AE05 /* Debug */ = {
			isa = XCBuildConfiguration;
			buildSettings = {
				ALWAYS_SEARCH_USER_PATHS = NO;
				CLANG_ANALYZER_NONNULL = YES;
				CLANG_ANALYZER_NUMBER_OBJECT_CONVERSION = YES_AGGRESSIVE;
				CLANG_CXX_LANGUAGE_STANDARD = "gnu++17";
				CLANG_CXX_LIBRARY = "libc++";
				CLANG_ENABLE_MODULES = YES;
				CLANG_ENABLE_OBJC_ARC = YES;
				CLANG_ENABLE_OBJC_WEAK = YES;
				CLANG_WARN_BLOCK_CAPTURE_AUTORELEASING = YES;
				CLANG_WARN_BOOL_CONVERSION = YES;
				CLANG_WARN_COMMA = YES;
				CLANG_WARN_CONSTANT_CONVERSION = YES;
				CLANG_WARN_DEPRECATED_OBJC_IMPLEMENTATIONS = YES;
				CLANG_WARN_DIRECT_OBJC_ISA_USAGE = YES_ERROR;
				CLANG_WARN_DOCUMENTATION_COMMENTS = YES;
				CLANG_WARN_EMPTY_BODY = YES;
				CLANG_WARN_ENUM_CONVERSION = YES;
				CLANG_WARN_INFINITE_RECURSION = YES;
				CLANG_WARN_INT_CONVERSION = YES;
				CLANG_WARN_NON_LITERAL_NULL_CONVERSION = YES;
				CLANG_WARN_OBJC_IMPLICIT_RETAIN_SELF = YES;
				CLANG_WARN_OBJC_LITERAL_CONVERSION = YES;
				CLANG_WARN_OBJC_ROOT_CLASS = YES_ERROR;
				CLANG_WARN_QUOTED_INCLUDE_IN_FRAMEWORK_HEADER = YES;
				CLANG_WARN_RANGE_LOOP_ANALYSIS = YES;
				CLANG_WARN_STRICT_PROTOTYPES = YES;
				CLANG_WARN_SUSPICIOUS_MOVE = YES;
				CLANG_WARN_UNGUARDED_AVAILABILITY = YES_AGGRESSIVE;
				CLANG_WARN_UNREACHABLE_CODE = YES;
				CLANG_WARN__DUPLICATE_METHOD_MATCH = YES;
				COPY_PHASE_STRIP = NO;
				DEBUG_INFORMATION_FORMAT = dwarf;
				ENABLE_STRICT_OBJC_MSGSEND = YES;
				ENABLE_TESTABILITY = YES;
				GCC_C_LANGUAGE_STANDARD = gnu11;
				GCC_DYNAMIC_NO_PIC = NO;
				GCC_NO_COMMON_BLOCKS = YES;
				GCC_OPTIMIZATION_LEVEL = 0;
				GCC_PREPROCESSOR_DEFINITIONS = (
					"DEBUG=1",
					"$(inherited)",
				);
				GCC_WARN_64_TO_32_BIT_CONVERSION = YES;
				GCC_WARN_ABOUT_RETURN_TYPE = YES_ERROR;
				GCC_WARN_UNDECLARED_SELECTOR = YES;
				GCC_WARN_UNINITIALIZED_AUTOS = YES_AGGRESSIVE;
				GCC_WARN_UNUSED_FUNCTION = YES;
				GCC_WARN_UNUSED_VARIABLE = YES;
				IPHONEOS_DEPLOYMENT_TARGET = 15.2;
				MTL_ENABLE_DEBUG_INFO = INCLUDE_SOURCE;
				MTL_FAST_MATH = YES;
				ONLY_ACTIVE_ARCH = YES;
				SDKROOT = iphoneos;
				SWIFT_ACTIVE_COMPILATION_CONDITIONS = DEBUG;
				SWIFT_OPTIMIZATION_LEVEL = "-Onone";
			};
			name = Debug;
		};
		69C3677427A3B04F0005AE05 /* Release */ = {
			isa = XCBuildConfiguration;
			buildSettings = {
				ALWAYS_SEARCH_USER_PATHS = NO;
				CLANG_ANALYZER_NONNULL = YES;
				CLANG_ANALYZER_NUMBER_OBJECT_CONVERSION = YES_AGGRESSIVE;
				CLANG_CXX_LANGUAGE_STANDARD = "gnu++17";
				CLANG_CXX_LIBRARY = "libc++";
				CLANG_ENABLE_MODULES = YES;
				CLANG_ENABLE_OBJC_ARC = YES;
				CLANG_ENABLE_OBJC_WEAK = YES;
				CLANG_WARN_BLOCK_CAPTURE_AUTORELEASING = YES;
				CLANG_WARN_BOOL_CONVERSION = YES;
				CLANG_WARN_COMMA = YES;
				CLANG_WARN_CONSTANT_CONVERSION = YES;
				CLANG_WARN_DEPRECATED_OBJC_IMPLEMENTATIONS = YES;
				CLANG_WARN_DIRECT_OBJC_ISA_USAGE = YES_ERROR;
				CLANG_WARN_DOCUMENTATION_COMMENTS = YES;
				CLANG_WARN_EMPTY_BODY = YES;
				CLANG_WARN_ENUM_CONVERSION = YES;
				CLANG_WARN_INFINITE_RECURSION = YES;
				CLANG_WARN_INT_CONVERSION = YES;
				CLANG_WARN_NON_LITERAL_NULL_CONVERSION = YES;
				CLANG_WARN_OBJC_IMPLICIT_RETAIN_SELF = YES;
				CLANG_WARN_OBJC_LITERAL_CONVERSION = YES;
				CLANG_WARN_OBJC_ROOT_CLASS = YES_ERROR;
				CLANG_WARN_QUOTED_INCLUDE_IN_FRAMEWORK_HEADER = YES;
				CLANG_WARN_RANGE_LOOP_ANALYSIS = YES;
				CLANG_WARN_STRICT_PROTOTYPES = YES;
				CLANG_WARN_SUSPICIOUS_MOVE = YES;
				CLANG_WARN_UNGUARDED_AVAILABILITY = YES_AGGRESSIVE;
				CLANG_WARN_UNREACHABLE_CODE = YES;
				CLANG_WARN__DUPLICATE_METHOD_MATCH = YES;
				COPY_PHASE_STRIP = NO;
				DEBUG_INFORMATION_FORMAT = "dwarf-with-dsym";
				ENABLE_NS_ASSERTIONS = NO;
				ENABLE_STRICT_OBJC_MSGSEND = YES;
				GCC_C_LANGUAGE_STANDARD = gnu11;
				GCC_NO_COMMON_BLOCKS = YES;
				GCC_WARN_64_TO_32_BIT_CONVERSION = YES;
				GCC_WARN_ABOUT_RETURN_TYPE = YES_ERROR;
				GCC_WARN_UNDECLARED_SELECTOR = YES;
				GCC_WARN_UNINITIALIZED_AUTOS = YES_AGGRESSIVE;
				GCC_WARN_UNUSED_FUNCTION = YES;
				GCC_WARN_UNUSED_VARIABLE = YES;
				IPHONEOS_DEPLOYMENT_TARGET = 15.2;
				MTL_ENABLE_DEBUG_INFO = NO;
				MTL_FAST_MATH = YES;
				SDKROOT = iphoneos;
				SWIFT_COMPILATION_MODE = wholemodule;
				SWIFT_OPTIMIZATION_LEVEL = "-O";
				VALIDATE_PRODUCT = YES;
			};
			name = Release;
		};
		69C3677627A3B04F0005AE05 /* Debug */ = {
			isa = XCBuildConfiguration;
			buildSettings = {
				ASSETCATALOG_COMPILER_APPICON_NAME = AppIcon;
				ASSETCATALOG_COMPILER_GLOBAL_ACCENT_COLOR_NAME = AccentColor;
				CODE_SIGN_STYLE = Automatic;
				CURRENT_PROJECT_VERSION = 1;
				GENERATE_INFOPLIST_FILE = YES;
				INFOPLIST_FILE = unite_test_example/Info.plist;
				INFOPLIST_KEY_UIApplicationSupportsIndirectInputEvents = YES;
				INFOPLIST_KEY_UILaunchStoryboardName = LaunchScreen;
				INFOPLIST_KEY_UIMainStoryboardFile = Main;
				INFOPLIST_KEY_UISupportedInterfaceOrientations_iPad = "UIInterfaceOrientationPortrait UIInterfaceOrientationPortraitUpsideDown UIInterfaceOrientationLandscapeLeft UIInterfaceOrientationLandscapeRight";
				INFOPLIST_KEY_UISupportedInterfaceOrientations_iPhone = "UIInterfaceOrientationPortrait UIInterfaceOrientationLandscapeLeft UIInterfaceOrientationLandscapeRight";
				LD_RUNPATH_SEARCH_PATHS = (
					"$(inherited)",
					"@executable_path/Frameworks",
				);
				MARKETING_VERSION = 1.0;
				PRODUCT_BUNDLE_IDENTIFIER = "dev.angelc.unite-test-example";
				PRODUCT_NAME = "$(TARGET_NAME)";
				SWIFT_EMIT_LOC_STRINGS = YES;
				SWIFT_VERSION = 5.0;
				TARGETED_DEVICE_FAMILY = "1,2";
			};
			name = Debug;
		};
		69C3677727A3B04F0005AE05 /* Release */ = {
			isa = XCBuildConfiguration;
			buildSettings = {
				ASSETCATALOG_COMPILER_APPICON_NAME = AppIcon;
				ASSETCATALOG_COMPILER_GLOBAL_ACCENT_COLOR_NAME = AccentColor;
				CODE_SIGN_STYLE = Automatic;
				CURRENT_PROJECT_VERSION = 1;
				GENERATE_INFOPLIST_FILE = YES;
				INFOPLIST_FILE = unite_test_example/Info.plist;
				INFOPLIST_KEY_UIApplicationSupportsIndirectInputEvents = YES;
				INFOPLIST_KEY_UILaunchStoryboardName = LaunchScreen;
				INFOPLIST_KEY_UIMainStoryboardFile = Main;
				INFOPLIST_KEY_UISupportedInterfaceOrientations_iPad = "UIInterfaceOrientationPortrait UIInterfaceOrientationPortraitUpsideDown UIInterfaceOrientationLandscapeLeft UIInterfaceOrientationLandscapeRight";
				INFOPLIST_KEY_UISupportedInterfaceOrientations_iPhone = "UIInterfaceOrientationPortrait UIInterfaceOrientationLandscapeLeft UIInterfaceOrientationLandscapeRight";
				LD_RUNPATH_SEARCH_PATHS = (
					"$(inherited)",
					"@executable_path/Frameworks",
				);
				MARKETING_VERSION = 1.0;
				PRODUCT_BUNDLE_IDENTIFIER = "dev.angelc.unite-test-example";
				PRODUCT_NAME = "$(TARGET_NAME)";
				SWIFT_EMIT_LOC_STRINGS = YES;
				SWIFT_VERSION = 5.0;
				TARGETED_DEVICE_FAMILY = "1,2";
			};
			name = Release;
		};
		69C3677927A3B04F0005AE05 /* Debug */ = {
			isa = XCBuildConfiguration;
			buildSettings = {
				ALWAYS_EMBED_SWIFT_STANDARD_LIBRARIES = YES;
				BUNDLE_LOADER = "$(TEST_HOST)";
				CODE_SIGN_STYLE = Automatic;
				CURRENT_PROJECT_VERSION = 1;
				GENERATE_INFOPLIST_FILE = YES;
				IPHONEOS_DEPLOYMENT_TARGET = 15.2;
				MARKETING_VERSION = 1.0;
				PRODUCT_BUNDLE_IDENTIFIER = "dev.angelc.unite-test-exampleTests";
				PRODUCT_NAME = "$(TARGET_NAME)";
				SWIFT_EMIT_LOC_STRINGS = NO;
				SWIFT_VERSION = 5.0;
				TARGETED_DEVICE_FAMILY = "1,2";
				TEST_HOST = "$(BUILT_PRODUCTS_DIR)/unite_test_example.app/unite_test_example";
			};
			name = Debug;
		};
		69C3677A27A3B04F0005AE05 /* Release */ = {
			isa = XCBuildConfiguration;
			buildSettings = {
				ALWAYS_EMBED_SWIFT_STANDARD_LIBRARIES = YES;
				BUNDLE_LOADER = "$(TEST_HOST)";
				CODE_SIGN_STYLE = Automatic;
				CURRENT_PROJECT_VERSION = 1;
				GENERATE_INFOPLIST_FILE = YES;
				IPHONEOS_DEPLOYMENT_TARGET = 15.2;
				MARKETING_VERSION = 1.0;
				PRODUCT_BUNDLE_IDENTIFIER = "dev.angelc.unite-test-exampleTests";
				PRODUCT_NAME = "$(TARGET_NAME)";
				SWIFT_EMIT_LOC_STRINGS = NO;
				SWIFT_VERSION = 5.0;
				TARGETED_DEVICE_FAMILY = "1,2";
				TEST_HOST = "$(BUILT_PRODUCTS_DIR)/unite_test_example.app/unite_test_example";
			};
			name = Release;
		};
		69C3677C27A3B04F0005AE05 /* Debug */ = {
			isa = XCBuildConfiguration;
			buildSettings = {
				ALWAYS_EMBED_SWIFT_STANDARD_LIBRARIES = YES;
				CODE_SIGN_STYLE = Automatic;
				CURRENT_PROJECT_VERSION = 1;
				GENERATE_INFOPLIST_FILE = YES;
				MARKETING_VERSION = 1.0;
				PRODUCT_BUNDLE_IDENTIFIER = "dev.angelc.unite-test-exampleUITests";
				PRODUCT_NAME = "$(TARGET_NAME)";
				SWIFT_EMIT_LOC_STRINGS = NO;
				SWIFT_VERSION = 5.0;
				TARGETED_DEVICE_FAMILY = "1,2";
				TEST_TARGET_NAME = unite_test_example;
			};
			name = Debug;
		};
		69C3677D27A3B04F0005AE05 /* Release */ = {
			isa = XCBuildConfiguration;
			buildSettings = {
				ALWAYS_EMBED_SWIFT_STANDARD_LIBRARIES = YES;
				CODE_SIGN_STYLE = Automatic;
				CURRENT_PROJECT_VERSION = 1;
				GENERATE_INFOPLIST_FILE = YES;
				MARKETING_VERSION = 1.0;
				PRODUCT_BUNDLE_IDENTIFIER = "dev.angelc.unite-test-exampleUITests";
				PRODUCT_NAME = "$(TARGET_NAME)";
				SWIFT_EMIT_LOC_STRINGS = NO;
				SWIFT_VERSION = 5.0;
				TARGETED_DEVICE_FAMILY = "1,2";
				TEST_TARGET_NAME = unite_test_example;
			};
			name = Release;
		};
/* End XCBuildConfiguration section */

/* Begin XCConfigurationList section */
		69C3674627A3B04E0005AE05 /* Build configuration list for PBXProject "unite_test_example" */ = {
			isa = XCConfigurationList;
			buildConfigurations = (
				69C3677327A3B04F0005AE05 /* Debug */,
				69C3677427A3B04F0005AE05 /* Release */,
			);
			defaultConfigurationIsVisible = 0;
			defaultConfigurationName = Release;
		};
		69C3677527A3B04F0005AE05 /* Build configuration list for PBXNativeTarget "unite_test_example" */ = {
			isa = XCConfigurationList;
			buildConfigurations = (
				69C3677627A3B04F0005AE05 /* Debug */,
				69C3677727A3B04F0005AE05 /* Release */,
			);
			defaultConfigurationIsVisible = 0;
			defaultConfigurationName = Release;
		};
		69C3677827A3B04F0005AE05 /* Build configuration list for PBXNativeTarget "unite_test_exampleTests" */ = {
			isa = XCConfigurationList;
			buildConfigurations = (
				69C3677927A3B04F0005AE05 /* Debug */,
				69C3677A27A3B04F0005AE05 /* Release */,
			);
			defaultConfigurationIsVisible = 0;
			defaultConfigurationName = Release;
		};
		69C3677B27A3B04F0005AE05 /* Build configuration list for PBXNativeTarget "unite_test_exampleUITests" */ = {
			isa = XCConfigurationList;
			buildConfigurations = (
				69C3677C27A3B04F0005AE05 /* Debug */,
				69C3677D27A3B04F0005AE05 /* Release */,
			);
			defaultConfigurationIsVisible = 0;
			defaultConfigurationName = Release;
		};
/* End XCConfigurationList section */
	};
	rootObject = 69C3674327A3B04E0005AE05 /* Project object */;
}
